// !$*UTF8*$!
{
	archiveVersion = 1;
	classes = {
	};
	objectVersion = 46;
	objects = {

/* Begin PBXBuildFile section */
		2CC5B5A01C7D8926EB9D0839 /* Pods_QueryMovieUITests.framework in Frameworks */ = {isa = PBXBuildFile; fileRef = 19DD70C4BB4175038980620C /* Pods_QueryMovieUITests.framework */; };
		48DFCF9DA97D908E24B048F6 /* Pods_QueryMovieTests.framework in Frameworks */ = {isa = PBXBuildFile; fileRef = 02FA8C8393B3686B8E650800 /* Pods_QueryMovieTests.framework */; };
		8B043FB01D65E7E000146137 /* QMFunctions.m in Sources */ = {isa = PBXBuildFile; fileRef = 8B043FAF1D65E7E000146137 /* QMFunctions.m */; };
		8B043FB31D65FC7000146137 /* JSONModel+QueryMovie.m in Sources */ = {isa = PBXBuildFile; fileRef = 8B043FB21D65FC7000146137 /* JSONModel+QueryMovie.m */; };
		8B37DDD61D66EC2A00AB8BB5 /* QMMovieListTableViewController.m in Sources */ = {isa = PBXBuildFile; fileRef = 8B37DDD51D66EC2A00AB8BB5 /* QMMovieListTableViewController.m */; };
		8B37DDD91D66F0DD00AB8BB5 /* QMMovieListTableViewCell.m in Sources */ = {isa = PBXBuildFile; fileRef = 8B37DDD81D66F0DD00AB8BB5 /* QMMovieListTableViewCell.m */; };
		8B3AD3781D655E73000F6CC0 /* main.m in Sources */ = {isa = PBXBuildFile; fileRef = 8B3AD3771D655E73000F6CC0 /* main.m */; };
		8B3AD37B1D655E73000F6CC0 /* AppDelegate.m in Sources */ = {isa = PBXBuildFile; fileRef = 8B3AD37A1D655E73000F6CC0 /* AppDelegate.m */; };
		8B3AD37E1D655E73000F6CC0 /* QMQueryViewController.m in Sources */ = {isa = PBXBuildFile; fileRef = 8B3AD37D1D655E73000F6CC0 /* QMQueryViewController.m */; };
		8B3AD3811D655E73000F6CC0 /* Main.storyboard in Resources */ = {isa = PBXBuildFile; fileRef = 8B3AD37F1D655E73000F6CC0 /* Main.storyboard */; };
		8B3AD3831D655E73000F6CC0 /* Assets.xcassets in Resources */ = {isa = PBXBuildFile; fileRef = 8B3AD3821D655E73000F6CC0 /* Assets.xcassets */; };
		8B3AD3861D655E73000F6CC0 /* LaunchScreen.storyboard in Resources */ = {isa = PBXBuildFile; fileRef = 8B3AD3841D655E73000F6CC0 /* LaunchScreen.storyboard */; };
		8B3AD3911D655E73000F6CC0 /* QueryMovieTests.m in Sources */ = {isa = PBXBuildFile; fileRef = 8B3AD3901D655E73000F6CC0 /* QueryMovieTests.m */; };
		8B3AD39C1D655E73000F6CC0 /* QueryMovieUITests.m in Sources */ = {isa = PBXBuildFile; fileRef = 8B3AD39B1D655E73000F6CC0 /* QueryMovieUITests.m */; };
		8B3AD3AB1D6566FE000F6CC0 /* QMClient.m in Sources */ = {isa = PBXBuildFile; fileRef = 8B3AD3AA1D6566FE000F6CC0 /* QMClient.m */; };
		8B3AD3AE1D65A864000F6CC0 /* QMRequestModel.m in Sources */ = {isa = PBXBuildFile; fileRef = 8B3AD3AD1D65A864000F6CC0 /* QMRequestModel.m */; };
		8B3AD3B11D65B10B000F6CC0 /* QMResponseModel.m in Sources */ = {isa = PBXBuildFile; fileRef = 8B3AD3B01D65B10B000F6CC0 /* QMResponseModel.m */; };
		8B3AD3B41D65C02F000F6CC0 /* QMMovieModel.m in Sources */ = {isa = PBXBuildFile; fileRef = 8B3AD3B31D65C02F000F6CC0 /* QMMovieModel.m */; };
		FE79519D303028EEF30DAD2C /* Pods_QueryMovie.framework in Frameworks */ = {isa = PBXBuildFile; fileRef = 64AF1D4F487C373F68464F93 /* Pods_QueryMovie.framework */; };
/* End PBXBuildFile section */

/* Begin PBXContainerItemProxy section */
		8B3AD38D1D655E73000F6CC0 /* PBXContainerItemProxy */ = {
			isa = PBXContainerItemProxy;
			containerPortal = 8B3AD36B1D655E72000F6CC0 /* Project object */;
			proxyType = 1;
			remoteGlobalIDString = 8B3AD3721D655E73000F6CC0;
			remoteInfo = QueryMovie;
		};
		8B3AD3981D655E73000F6CC0 /* PBXContainerItemProxy */ = {
			isa = PBXContainerItemProxy;
			containerPortal = 8B3AD36B1D655E72000F6CC0 /* Project object */;
			proxyType = 1;
			remoteGlobalIDString = 8B3AD3721D655E73000F6CC0;
			remoteInfo = QueryMovie;
		};
/* End PBXContainerItemProxy section */

/* Begin PBXFileReference section */
		02FA8C8393B3686B8E650800 /* Pods_QueryMovieTests.framework */ = {isa = PBXFileReference; explicitFileType = wrapper.framework; includeInIndex = 0; path = Pods_QueryMovieTests.framework; sourceTree = BUILT_PRODUCTS_DIR; };
		19DD70C4BB4175038980620C /* Pods_QueryMovieUITests.framework */ = {isa = PBXFileReference; explicitFileType = wrapper.framework; includeInIndex = 0; path = Pods_QueryMovieUITests.framework; sourceTree = BUILT_PRODUCTS_DIR; };
		1B15619394A1315ED3498F40 /* Pods-QueryMovie.debug.xcconfig */ = {isa = PBXFileReference; includeInIndex = 1; lastKnownFileType = text.xcconfig; name = "Pods-QueryMovie.debug.xcconfig"; path = "Pods/Target Support Files/Pods-QueryMovie/Pods-QueryMovie.debug.xcconfig"; sourceTree = "<group>"; };
		45090477A0A67C70F16162A8 /* Pods-QueryMovie.release.xcconfig */ = {isa = PBXFileReference; includeInIndex = 1; lastKnownFileType = text.xcconfig; name = "Pods-QueryMovie.release.xcconfig"; path = "Pods/Target Support Files/Pods-QueryMovie/Pods-QueryMovie.release.xcconfig"; sourceTree = "<group>"; };
		64AF1D4F487C373F68464F93 /* Pods_QueryMovie.framework */ = {isa = PBXFileReference; explicitFileType = wrapper.framework; includeInIndex = 0; path = Pods_QueryMovie.framework; sourceTree = BUILT_PRODUCTS_DIR; };
		7802728C5DB5E75DA89FA7E6 /* Pods-QueryMovieUITests.release.xcconfig */ = {isa = PBXFileReference; includeInIndex = 1; lastKnownFileType = text.xcconfig; name = "Pods-QueryMovieUITests.release.xcconfig"; path = "Pods/Target Support Files/Pods-QueryMovieUITests/Pods-QueryMovieUITests.release.xcconfig"; sourceTree = "<group>"; };
		7FF0A9C5645B17FE5E0CE242 /* Pods-QueryMovieUITests.debug.xcconfig */ = {isa = PBXFileReference; includeInIndex = 1; lastKnownFileType = text.xcconfig; name = "Pods-QueryMovieUITests.debug.xcconfig"; path = "Pods/Target Support Files/Pods-QueryMovieUITests/Pods-QueryMovieUITests.debug.xcconfig"; sourceTree = "<group>"; };
		8B043FAE1D65E7E000146137 /* QMFunctions.h */ = {isa = PBXFileReference; fileEncoding = 4; lastKnownFileType = sourcecode.c.h; path = QMFunctions.h; sourceTree = "<group>"; };
		8B043FAF1D65E7E000146137 /* QMFunctions.m */ = {isa = PBXFileReference; fileEncoding = 4; lastKnownFileType = sourcecode.c.objc; path = QMFunctions.m; sourceTree = "<group>"; };
		8B043FB11D65FC7000146137 /* JSONModel+QueryMovie.h */ = {isa = PBXFileReference; fileEncoding = 4; lastKnownFileType = sourcecode.c.h; path = "JSONModel+QueryMovie.h"; sourceTree = "<group>"; };
		8B043FB21D65FC7000146137 /* JSONModel+QueryMovie.m */ = {isa = PBXFileReference; fileEncoding = 4; lastKnownFileType = sourcecode.c.objc; path = "JSONModel+QueryMovie.m"; sourceTree = "<group>"; };
		8B37DDD41D66EC2A00AB8BB5 /* QMMovieListTableViewController.h */ = {isa = PBXFileReference; fileEncoding = 4; lastKnownFileType = sourcecode.c.h; path = QMMovieListTableViewController.h; sourceTree = "<group>"; };
		8B37DDD51D66EC2A00AB8BB5 /* QMMovieListTableViewController.m */ = {isa = PBXFileReference; fileEncoding = 4; lastKnownFileType = sourcecode.c.objc; path = QMMovieListTableViewController.m; sourceTree = "<group>"; };
		8B37DDD71D66F0DD00AB8BB5 /* QMMovieListTableViewCell.h */ = {isa = PBXFileReference; fileEncoding = 4; lastKnownFileType = sourcecode.c.h; path = QMMovieListTableViewCell.h; sourceTree = "<group>"; };
		8B37DDD81D66F0DD00AB8BB5 /* QMMovieListTableViewCell.m */ = {isa = PBXFileReference; fileEncoding = 4; lastKnownFileType = sourcecode.c.objc; path = QMMovieListTableViewCell.m; sourceTree = "<group>"; };
		8B3AD3731D655E73000F6CC0 /* QueryMovie.app */ = {isa = PBXFileReference; explicitFileType = wrapper.application; includeInIndex = 0; path = QueryMovie.app; sourceTree = BUILT_PRODUCTS_DIR; };
		8B3AD3771D655E73000F6CC0 /* main.m */ = {isa = PBXFileReference; lastKnownFileType = sourcecode.c.objc; path = main.m; sourceTree = "<group>"; };
		8B3AD3791D655E73000F6CC0 /* AppDelegate.h */ = {isa = PBXFileReference; lastKnownFileType = sourcecode.c.h; path = AppDelegate.h; sourceTree = "<group>"; };
		8B3AD37A1D655E73000F6CC0 /* AppDelegate.m */ = {isa = PBXFileReference; lastKnownFileType = sourcecode.c.objc; path = AppDelegate.m; sourceTree = "<group>"; };
		8B3AD37C1D655E73000F6CC0 /* QMQueryViewController.h */ = {isa = PBXFileReference; lastKnownFileType = sourcecode.c.h; path = QMQueryViewController.h; sourceTree = "<group>"; };
		8B3AD37D1D655E73000F6CC0 /* QMQueryViewController.m */ = {isa = PBXFileReference; lastKnownFileType = sourcecode.c.objc; path = QMQueryViewController.m; sourceTree = "<group>"; };
		8B3AD3801D655E73000F6CC0 /* Base */ = {isa = PBXFileReference; lastKnownFileType = file.storyboard; name = Base; path = Base.lproj/Main.storyboard; sourceTree = "<group>"; };
		8B3AD3821D655E73000F6CC0 /* Assets.xcassets */ = {isa = PBXFileReference; lastKnownFileType = folder.assetcatalog; path = Assets.xcassets; sourceTree = "<group>"; };
		8B3AD3851D655E73000F6CC0 /* Base */ = {isa = PBXFileReference; lastKnownFileType = file.storyboard; name = Base; path = Base.lproj/LaunchScreen.storyboard; sourceTree = "<group>"; };
		8B3AD3871D655E73000F6CC0 /* Info.plist */ = {isa = PBXFileReference; lastKnownFileType = text.plist.xml; path = Info.plist; sourceTree = "<group>"; };
		8B3AD38C1D655E73000F6CC0 /* QueryMovieTests.xctest */ = {isa = PBXFileReference; explicitFileType = wrapper.cfbundle; includeInIndex = 0; path = QueryMovieTests.xctest; sourceTree = BUILT_PRODUCTS_DIR; };
		8B3AD3901D655E73000F6CC0 /* QueryMovieTests.m */ = {isa = PBXFileReference; lastKnownFileType = sourcecode.c.objc; path = QueryMovieTests.m; sourceTree = "<group>"; };
		8B3AD3921D655E73000F6CC0 /* Info.plist */ = {isa = PBXFileReference; lastKnownFileType = text.plist.xml; path = Info.plist; sourceTree = "<group>"; };
		8B3AD3971D655E73000F6CC0 /* QueryMovieUITests.xctest */ = {isa = PBXFileReference; explicitFileType = wrapper.cfbundle; includeInIndex = 0; path = QueryMovieUITests.xctest; sourceTree = BUILT_PRODUCTS_DIR; };
		8B3AD39B1D655E73000F6CC0 /* QueryMovieUITests.m */ = {isa = PBXFileReference; lastKnownFileType = sourcecode.c.objc; path = QueryMovieUITests.m; sourceTree = "<group>"; };
		8B3AD39D1D655E73000F6CC0 /* Info.plist */ = {isa = PBXFileReference; lastKnownFileType = text.plist.xml; path = Info.plist; sourceTree = "<group>"; };
		8B3AD3A91D6566FE000F6CC0 /* QMClient.h */ = {isa = PBXFileReference; fileEncoding = 4; lastKnownFileType = sourcecode.c.h; path = QMClient.h; sourceTree = "<group>"; };
		8B3AD3AA1D6566FE000F6CC0 /* QMClient.m */ = {isa = PBXFileReference; fileEncoding = 4; lastKnownFileType = sourcecode.c.objc; path = QMClient.m; sourceTree = "<group>"; };
		8B3AD3AC1D65A864000F6CC0 /* QMRequestModel.h */ = {isa = PBXFileReference; fileEncoding = 4; lastKnownFileType = sourcecode.c.h; path = QMRequestModel.h; sourceTree = "<group>"; };
		8B3AD3AD1D65A864000F6CC0 /* QMRequestModel.m */ = {isa = PBXFileReference; fileEncoding = 4; lastKnownFileType = sourcecode.c.objc; path = QMRequestModel.m; sourceTree = "<group>"; };
		8B3AD3AF1D65B10B000F6CC0 /* QMResponseModel.h */ = {isa = PBXFileReference; fileEncoding = 4; lastKnownFileType = sourcecode.c.h; path = QMResponseModel.h; sourceTree = "<group>"; };
		8B3AD3B01D65B10B000F6CC0 /* QMResponseModel.m */ = {isa = PBXFileReference; fileEncoding = 4; lastKnownFileType = sourcecode.c.objc; path = QMResponseModel.m; sourceTree = "<group>"; };
		8B3AD3B21D65C02F000F6CC0 /* QMMovieModel.h */ = {isa = PBXFileReference; fileEncoding = 4; lastKnownFileType = sourcecode.c.h; path = QMMovieModel.h; sourceTree = "<group>"; };
		8B3AD3B31D65C02F000F6CC0 /* QMMovieModel.m */ = {isa = PBXFileReference; fileEncoding = 4; lastKnownFileType = sourcecode.c.objc; path = QMMovieModel.m; sourceTree = "<group>"; };
		98DAE080D142DA2A8DF1EE0C /* Pods-QueryMovieTests.release.xcconfig */ = {isa = PBXFileReference; includeInIndex = 1; lastKnownFileType = text.xcconfig; name = "Pods-QueryMovieTests.release.xcconfig"; path = "Pods/Target Support Files/Pods-QueryMovieTests/Pods-QueryMovieTests.release.xcconfig"; sourceTree = "<group>"; };
		D53342BA936D6748C23963C0 /* Pods-QueryMovieTests.debug.xcconfig */ = {isa = PBXFileReference; includeInIndex = 1; lastKnownFileType = text.xcconfig; name = "Pods-QueryMovieTests.debug.xcconfig"; path = "Pods/Target Support Files/Pods-QueryMovieTests/Pods-QueryMovieTests.debug.xcconfig"; sourceTree = "<group>"; };
/* End PBXFileReference section */

/* Begin PBXFrameworksBuildPhase section */
		8B3AD3701D655E73000F6CC0 /* Frameworks */ = {
			isa = PBXFrameworksBuildPhase;
			buildActionMask = 2147483647;
			files = (
				FE79519D303028EEF30DAD2C /* Pods_QueryMovie.framework in Frameworks */,
			);
			runOnlyForDeploymentPostprocessing = 0;
		};
		8B3AD3891D655E73000F6CC0 /* Frameworks */ = {
			isa = PBXFrameworksBuildPhase;
			buildActionMask = 2147483647;
			files = (
				48DFCF9DA97D908E24B048F6 /* Pods_QueryMovieTests.framework in Frameworks */,
			);
			runOnlyForDeploymentPostprocessing = 0;
		};
		8B3AD3941D655E73000F6CC0 /* Frameworks */ = {
			isa = PBXFrameworksBuildPhase;
			buildActionMask = 2147483647;
			files = (
				2CC5B5A01C7D8926EB9D0839 /* Pods_QueryMovieUITests.framework in Frameworks */,
			);
			runOnlyForDeploymentPostprocessing = 0;
		};
/* End PBXFrameworksBuildPhase section */

/* Begin PBXGroup section */
		0569D00178205AACB7A43D1D /* Pods */ = {
			isa = PBXGroup;
			children = (
				1B15619394A1315ED3498F40 /* Pods-QueryMovie.debug.xcconfig */,
				45090477A0A67C70F16162A8 /* Pods-QueryMovie.release.xcconfig */,
				D53342BA936D6748C23963C0 /* Pods-QueryMovieTests.debug.xcconfig */,
				98DAE080D142DA2A8DF1EE0C /* Pods-QueryMovieTests.release.xcconfig */,
				7FF0A9C5645B17FE5E0CE242 /* Pods-QueryMovieUITests.debug.xcconfig */,
				7802728C5DB5E75DA89FA7E6 /* Pods-QueryMovieUITests.release.xcconfig */,
			);
			name = Pods;
			sourceTree = "<group>";
		};
		8B3AD36A1D655E72000F6CC0 = {
			isa = PBXGroup;
			children = (
				8B3AD3751D655E73000F6CC0 /* QueryMovie */,
				8B3AD38F1D655E73000F6CC0 /* QueryMovieTests */,
				8B3AD39A1D655E73000F6CC0 /* QueryMovieUITests */,
				8B3AD3741D655E73000F6CC0 /* Products */,
				0569D00178205AACB7A43D1D /* Pods */,
				B51D460BC1B743683188C1C4 /* Frameworks */,
			);
			sourceTree = "<group>";
		};
		8B3AD3741D655E73000F6CC0 /* Products */ = {
			isa = PBXGroup;
			children = (
				8B3AD3731D655E73000F6CC0 /* QueryMovie.app */,
				8B3AD38C1D655E73000F6CC0 /* QueryMovieTests.xctest */,
				8B3AD3971D655E73000F6CC0 /* QueryMovieUITests.xctest */,
			);
			name = Products;
			sourceTree = "<group>";
		};
		8B3AD3751D655E73000F6CC0 /* QueryMovie */ = {
			isa = PBXGroup;
			children = (
				8B3AD3B71D65CD7F000F6CC0 /* Gloabl */,
				8B3AD3B61D65CD55000F6CC0 /* VM&VC */,
				8B3AD3B51D65CD3B000F6CC0 /* Model */,
				8B3AD3791D655E73000F6CC0 /* AppDelegate.h */,
				8B3AD37A1D655E73000F6CC0 /* AppDelegate.m */,
				8B3AD37F1D655E73000F6CC0 /* Main.storyboard */,
				8B3AD3821D655E73000F6CC0 /* Assets.xcassets */,
				8B3AD3841D655E73000F6CC0 /* LaunchScreen.storyboard */,
				8B3AD3871D655E73000F6CC0 /* Info.plist */,
				8B3AD3761D655E73000F6CC0 /* Supporting Files */,
			);
			path = QueryMovie;
			sourceTree = "<group>";
		};
		8B3AD3761D655E73000F6CC0 /* Supporting Files */ = {
			isa = PBXGroup;
			children = (
				8B3AD3771D655E73000F6CC0 /* main.m */,
			);
			name = "Supporting Files";
			sourceTree = "<group>";
		};
		8B3AD38F1D655E73000F6CC0 /* QueryMovieTests */ = {
			isa = PBXGroup;
			children = (
				8B3AD3901D655E73000F6CC0 /* QueryMovieTests.m */,
				8B3AD3921D655E73000F6CC0 /* Info.plist */,
			);
			path = QueryMovieTests;
			sourceTree = "<group>";
		};
		8B3AD39A1D655E73000F6CC0 /* QueryMovieUITests */ = {
			isa = PBXGroup;
			children = (
				8B3AD39B1D655E73000F6CC0 /* QueryMovieUITests.m */,
				8B3AD39D1D655E73000F6CC0 /* Info.plist */,
			);
			path = QueryMovieUITests;
			sourceTree = "<group>";
		};
		8B3AD3B51D65CD3B000F6CC0 /* Model */ = {
			isa = PBXGroup;
			children = (
				8B3AD3AC1D65A864000F6CC0 /* QMRequestModel.h */,
				8B3AD3AD1D65A864000F6CC0 /* QMRequestModel.m */,
				8B3AD3AF1D65B10B000F6CC0 /* QMResponseModel.h */,
				8B3AD3B01D65B10B000F6CC0 /* QMResponseModel.m */,
				8B3AD3B21D65C02F000F6CC0 /* QMMovieModel.h */,
				8B3AD3B31D65C02F000F6CC0 /* QMMovieModel.m */,
			);
			name = Model;
			sourceTree = "<group>";
		};
		8B3AD3B61D65CD55000F6CC0 /* VM&VC */ = {
			isa = PBXGroup;
			children = (
				8B3AD37C1D655E73000F6CC0 /* QMQueryViewController.h */,
				8B3AD37D1D655E73000F6CC0 /* QMQueryViewController.m */,
				8B37DDD41D66EC2A00AB8BB5 /* QMMovieListTableViewController.h */,
				8B37DDD51D66EC2A00AB8BB5 /* QMMovieListTableViewController.m */,
				8B37DDD71D66F0DD00AB8BB5 /* QMMovieListTableViewCell.h */,
				8B37DDD81D66F0DD00AB8BB5 /* QMMovieListTableViewCell.m */,
			);
			name = "VM&VC";
			sourceTree = "<group>";
		};
		8B3AD3B71D65CD7F000F6CC0 /* Gloabl */ = {
			isa = PBXGroup;
			children = (
				8B3AD3A91D6566FE000F6CC0 /* QMClient.h */,
				8B3AD3AA1D6566FE000F6CC0 /* QMClient.m */,
				8B043FAE1D65E7E000146137 /* QMFunctions.h */,
				8B043FAF1D65E7E000146137 /* QMFunctions.m */,
				8B043FB11D65FC7000146137 /* JSONModel+QueryMovie.h */,
				8B043FB21D65FC7000146137 /* JSONModel+QueryMovie.m */,
			);
			name = Gloabl;
			sourceTree = "<group>";
		};
		B51D460BC1B743683188C1C4 /* Frameworks */ = {
			isa = PBXGroup;
			children = (
				64AF1D4F487C373F68464F93 /* Pods_QueryMovie.framework */,
				02FA8C8393B3686B8E650800 /* Pods_QueryMovieTests.framework */,
				19DD70C4BB4175038980620C /* Pods_QueryMovieUITests.framework */,
			);
			name = Frameworks;
			sourceTree = "<group>";
		};
/* End PBXGroup section */

/* Begin PBXNativeTarget section */
		8B3AD3721D655E73000F6CC0 /* QueryMovie */ = {
			isa = PBXNativeTarget;
			buildConfigurationList = 8B3AD3A01D655E73000F6CC0 /* Build configuration list for PBXNativeTarget "QueryMovie" */;
			buildPhases = (
				1DFD43EBFD38238E4613ADF8 /* 📦 Check Pods Manifest.lock */,
				8B3AD36F1D655E73000F6CC0 /* Sources */,
				8B3AD3701D655E73000F6CC0 /* Frameworks */,
				8B3AD3711D655E73000F6CC0 /* Resources */,
				D2F1F1B53F2D78D7A5842061 /* 📦 Embed Pods Frameworks */,
				45468014DA148872F81B3538 /* 📦 Copy Pods Resources */,
			);
			buildRules = (
			);
			dependencies = (
			);
			name = QueryMovie;
			productName = QueryMovie;
			productReference = 8B3AD3731D655E73000F6CC0 /* QueryMovie.app */;
			productType = "com.apple.product-type.application";
		};
		8B3AD38B1D655E73000F6CC0 /* QueryMovieTests */ = {
			isa = PBXNativeTarget;
			buildConfigurationList = 8B3AD3A31D655E73000F6CC0 /* Build configuration list for PBXNativeTarget "QueryMovieTests" */;
			buildPhases = (
				2B8D92716784FE75DEB0AF26 /* 📦 Check Pods Manifest.lock */,
				8B3AD3881D655E73000F6CC0 /* Sources */,
				8B3AD3891D655E73000F6CC0 /* Frameworks */,
				8B3AD38A1D655E73000F6CC0 /* Resources */,
				40E41514E71B592FCEB6204B /* 📦 Embed Pods Frameworks */,
				7B8A9104C07C1C0CAD9B4715 /* 📦 Copy Pods Resources */,
			);
			buildRules = (
			);
			dependencies = (
				8B3AD38E1D655E73000F6CC0 /* PBXTargetDependency */,
			);
			name = QueryMovieTests;
			productName = QueryMovieTests;
			productReference = 8B3AD38C1D655E73000F6CC0 /* QueryMovieTests.xctest */;
			productType = "com.apple.product-type.bundle.unit-test";
		};
		8B3AD3961D655E73000F6CC0 /* QueryMovieUITests */ = {
			isa = PBXNativeTarget;
			buildConfigurationList = 8B3AD3A61D655E73000F6CC0 /* Build configuration list for PBXNativeTarget "QueryMovieUITests" */;
			buildPhases = (
				75421A75F214AAB3725AEDA0 /* 📦 Check Pods Manifest.lock */,
				8B3AD3931D655E73000F6CC0 /* Sources */,
				8B3AD3941D655E73000F6CC0 /* Frameworks */,
				8B3AD3951D655E73000F6CC0 /* Resources */,
				DAAB95BF365A798F445072E6 /* 📦 Copy Pods Resources */,
			);
			buildRules = (
			);
			dependencies = (
				8B3AD3991D655E73000F6CC0 /* PBXTargetDependency */,
			);
			name = QueryMovieUITests;
			productName = QueryMovieUITests;
			productReference = 8B3AD3971D655E73000F6CC0 /* QueryMovieUITests.xctest */;
			productType = "com.apple.product-type.bundle.ui-testing";
		};
/* End PBXNativeTarget section */

/* Begin PBXProject section */
		8B3AD36B1D655E72000F6CC0 /* Project object */ = {
			isa = PBXProject;
			attributes = {
				LastUpgradeCheck = 0730;
				ORGANIZATIONNAME = "Alex Hsieh";
				TargetAttributes = {
					8B3AD3721D655E73000F6CC0 = {
						CreatedOnToolsVersion = 7.3.1;
					};
					8B3AD38B1D655E73000F6CC0 = {
						CreatedOnToolsVersion = 7.3.1;
						TestTargetID = 8B3AD3721D655E73000F6CC0;
					};
					8B3AD3961D655E73000F6CC0 = {
						CreatedOnToolsVersion = 7.3.1;
						TestTargetID = 8B3AD3721D655E73000F6CC0;
					};
				};
			};
			buildConfigurationList = 8B3AD36E1D655E72000F6CC0 /* Build configuration list for PBXProject "QueryMovie" */;
			compatibilityVersion = "Xcode 3.2";
			developmentRegion = English;
			hasScannedForEncodings = 0;
			knownRegions = (
				en,
				Base,
			);
			mainGroup = 8B3AD36A1D655E72000F6CC0;
			productRefGroup = 8B3AD3741D655E73000F6CC0 /* Products */;
			projectDirPath = "";
			projectRoot = "";
			targets = (
				8B3AD3721D655E73000F6CC0 /* QueryMovie */,
				8B3AD38B1D655E73000F6CC0 /* QueryMovieTests */,
				8B3AD3961D655E73000F6CC0 /* QueryMovieUITests */,
			);
		};
/* End PBXProject section */

/* Begin PBXResourcesBuildPhase section */
		8B3AD3711D655E73000F6CC0 /* Resources */ = {
			isa = PBXResourcesBuildPhase;
			buildActionMask = 2147483647;
			files = (
				8B3AD3861D655E73000F6CC0 /* LaunchScreen.storyboard in Resources */,
				8B3AD3831D655E73000F6CC0 /* Assets.xcassets in Resources */,
				8B3AD3811D655E73000F6CC0 /* Main.storyboard in Resources */,
			);
			runOnlyForDeploymentPostprocessing = 0;
		};
		8B3AD38A1D655E73000F6CC0 /* Resources */ = {
			isa = PBXResourcesBuildPhase;
			buildActionMask = 2147483647;
			files = (
			);
			runOnlyForDeploymentPostprocessing = 0;
		};
		8B3AD3951D655E73000F6CC0 /* Resources */ = {
			isa = PBXResourcesBuildPhase;
			buildActionMask = 2147483647;
			files = (
			);
			runOnlyForDeploymentPostprocessing = 0;
		};
/* End PBXResourcesBuildPhase section */

/* Begin PBXShellScriptBuildPhase section */
		1DFD43EBFD38238E4613ADF8 /* 📦 Check Pods Manifest.lock */ = {
			isa = PBXShellScriptBuildPhase;
			buildActionMask = 2147483647;
			files = (
			);
			inputPaths = (
			);
			name = "📦 Check Pods Manifest.lock";
			outputPaths = (
			);
			runOnlyForDeploymentPostprocessing = 0;
			shellPath = /bin/sh;
			shellScript = "diff \"${PODS_ROOT}/../Podfile.lock\" \"${PODS_ROOT}/Manifest.lock\" > /dev/null\nif [[ $? != 0 ]] ; then\n    cat << EOM\nerror: The sandbox is not in sync with the Podfile.lock. Run 'pod install' or update your CocoaPods installation.\nEOM\n    exit 1\nfi\n";
			showEnvVarsInLog = 0;
		};
		2B8D92716784FE75DEB0AF26 /* 📦 Check Pods Manifest.lock */ = {
			isa = PBXShellScriptBuildPhase;
			buildActionMask = 2147483647;
			files = (
			);
			inputPaths = (
			);
			name = "📦 Check Pods Manifest.lock";
			outputPaths = (
			);
			runOnlyForDeploymentPostprocessing = 0;
			shellPath = /bin/sh;
			shellScript = "diff \"${PODS_ROOT}/../Podfile.lock\" \"${PODS_ROOT}/Manifest.lock\" > /dev/null\nif [[ $? != 0 ]] ; then\n    cat << EOM\nerror: The sandbox is not in sync with the Podfile.lock. Run 'pod install' or update your CocoaPods installation.\nEOM\n    exit 1\nfi\n";
			showEnvVarsInLog = 0;
		};
		40E41514E71B592FCEB6204B /* 📦 Embed Pods Frameworks */ = {
			isa = PBXShellScriptBuildPhase;
			buildActionMask = 2147483647;
			files = (
			);
			inputPaths = (
			);
			name = "📦 Embed Pods Frameworks";
			outputPaths = (
			);
			runOnlyForDeploymentPostprocessing = 0;
			shellPath = /bin/sh;
			shellScript = "\"${SRCROOT}/Pods/Target Support Files/Pods-QueryMovieTests/Pods-QueryMovieTests-frameworks.sh\"\n";
			showEnvVarsInLog = 0;
		};
		45468014DA148872F81B3538 /* 📦 Copy Pods Resources */ = {
			isa = PBXShellScriptBuildPhase;
			buildActionMask = 2147483647;
			files = (
			);
			inputPaths = (
			);
			name = "📦 Copy Pods Resources";
			outputPaths = (
			);
			runOnlyForDeploymentPostprocessing = 0;
			shellPath = /bin/sh;
			shellScript = "\"${SRCROOT}/Pods/Target Support Files/Pods-QueryMovie/Pods-QueryMovie-resources.sh\"\n";
			showEnvVarsInLog = 0;
		};
		75421A75F214AAB3725AEDA0 /* 📦 Check Pods Manifest.lock */ = {
			isa = PBXShellScriptBuildPhase;
			buildActionMask = 2147483647;
			files = (
			);
			inputPaths = (
			);
			name = "📦 Check Pods Manifest.lock";
			outputPaths = (
			);
			runOnlyForDeploymentPostprocessing = 0;
			shellPath = /bin/sh;
			shellScript = "diff \"${PODS_ROOT}/../Podfile.lock\" \"${PODS_ROOT}/Manifest.lock\" > /dev/null\nif [[ $? != 0 ]] ; then\n    cat << EOM\nerror: The sandbox is not in sync with the Podfile.lock. Run 'pod install' or update your CocoaPods installation.\nEOM\n    exit 1\nfi\n";
			showEnvVarsInLog = 0;
		};
		7B8A9104C07C1C0CAD9B4715 /* 📦 Copy Pods Resources */ = {
			isa = PBXShellScriptBuildPhase;
			buildActionMask = 2147483647;
			files = (
			);
			inputPaths = (
			);
			name = "📦 Copy Pods Resources";
			outputPaths = (
			);
			runOnlyForDeploymentPostprocessing = 0;
			shellPath = /bin/sh;
			shellScript = "\"${SRCROOT}/Pods/Target Support Files/Pods-QueryMovieTests/Pods-QueryMovieTests-resources.sh\"\n";
			showEnvVarsInLog = 0;
		};
		D2F1F1B53F2D78D7A5842061 /* 📦 Embed Pods Frameworks */ = {
			isa = PBXShellScriptBuildPhase;
			buildActionMask = 2147483647;
			files = (
			);
			inputPaths = (
			);
			name = "📦 Embed Pods Frameworks";
			outputPaths = (
			);
			runOnlyForDeploymentPostprocessing = 0;
			shellPath = /bin/sh;
			shellScript = "\"${SRCROOT}/Pods/Target Support Files/Pods-QueryMovie/Pods-QueryMovie-frameworks.sh\"\n";
			showEnvVarsInLog = 0;
		};
		DAAB95BF365A798F445072E6 /* 📦 Copy Pods Resources */ = {
			isa = PBXShellScriptBuildPhase;
			buildActionMask = 2147483647;
			files = (
			);
			inputPaths = (
			);
			name = "📦 Copy Pods Resources";
			outputPaths = (
			);
			runOnlyForDeploymentPostprocessing = 0;
			shellPath = /bin/sh;
			shellScript = "\"${SRCROOT}/Pods/Target Support Files/Pods-QueryMovieUITests/Pods-QueryMovieUITests-resources.sh\"\n";
			showEnvVarsInLog = 0;
		};
/* End PBXShellScriptBuildPhase section */

/* Begin PBXSourcesBuildPhase section */
		8B3AD36F1D655E73000F6CC0 /* Sources */ = {
			isa = PBXSourcesBuildPhase;
			buildActionMask = 2147483647;
			files = (
				8B37DDD61D66EC2A00AB8BB5 /* QMMovieListTableViewController.m in Sources */,
				8B043FB01D65E7E000146137 /* QMFunctions.m in Sources */,
				8B3AD37E1D655E73000F6CC0 /* QMQueryViewController.m in Sources */,
				8B3AD37B1D655E73000F6CC0 /* AppDelegate.m in Sources */,
				8B3AD3B11D65B10B000F6CC0 /* QMResponseModel.m in Sources */,
				8B3AD3B41D65C02F000F6CC0 /* QMMovieModel.m in Sources */,
				8B3AD3AE1D65A864000F6CC0 /* QMRequestModel.m in Sources */,
				8B3AD3AB1D6566FE000F6CC0 /* QMClient.m in Sources */,
				8B3AD3781D655E73000F6CC0 /* main.m in Sources */,
				8B043FB31D65FC7000146137 /* JSONModel+QueryMovie.m in Sources */,
				8B37DDD91D66F0DD00AB8BB5 /* QMMovieListTableViewCell.m in Sources */,
			);
			runOnlyForDeploymentPostprocessing = 0;
		};
		8B3AD3881D655E73000F6CC0 /* Sources */ = {
			isa = PBXSourcesBuildPhase;
			buildActionMask = 2147483647;
			files = (
				8B3AD3911D655E73000F6CC0 /* QueryMovieTests.m in Sources */,
			);
			runOnlyForDeploymentPostprocessing = 0;
		};
		8B3AD3931D655E73000F6CC0 /* Sources */ = {
			isa = PBXSourcesBuildPhase;
			buildActionMask = 2147483647;
			files = (
				8B3AD39C1D655E73000F6CC0 /* QueryMovieUITests.m in Sources */,
			);
			runOnlyForDeploymentPostprocessing = 0;
		};
/* End PBXSourcesBuildPhase section */

/* Begin PBXTargetDependency section */
		8B3AD38E1D655E73000F6CC0 /* PBXTargetDependency */ = {
			isa = PBXTargetDependency;
			target = 8B3AD3721D655E73000F6CC0 /* QueryMovie */;
			targetProxy = 8B3AD38D1D655E73000F6CC0 /* PBXContainerItemProxy */;
		};
		8B3AD3991D655E73000F6CC0 /* PBXTargetDependency */ = {
			isa = PBXTargetDependency;
			target = 8B3AD3721D655E73000F6CC0 /* QueryMovie */;
			targetProxy = 8B3AD3981D655E73000F6CC0 /* PBXContainerItemProxy */;
		};
/* End PBXTargetDependency section */

/* Begin PBXVariantGroup section */
		8B3AD37F1D655E73000F6CC0 /* Main.storyboard */ = {
			isa = PBXVariantGroup;
			children = (
				8B3AD3801D655E73000F6CC0 /* Base */,
			);
			name = Main.storyboard;
			sourceTree = "<group>";
		};
		8B3AD3841D655E73000F6CC0 /* LaunchScreen.storyboard */ = {
			isa = PBXVariantGroup;
			children = (
				8B3AD3851D655E73000F6CC0 /* Base */,
			);
			name = LaunchScreen.storyboard;
			sourceTree = "<group>";
		};
/* End PBXVariantGroup section */

/* Begin XCBuildConfiguration section */
		8B3AD39E1D655E73000F6CC0 /* Debug */ = {
			isa = XCBuildConfiguration;
			buildSettings = {
				ALWAYS_SEARCH_USER_PATHS = NO;
				CLANG_ANALYZER_NONNULL = YES;
				CLANG_CXX_LANGUAGE_STANDARD = "gnu++0x";
				CLANG_CXX_LIBRARY = "libc++";
				CLANG_ENABLE_MODULES = YES;
				CLANG_ENABLE_OBJC_ARC = YES;
				CLANG_WARN_BOOL_CONVERSION = YES;
				CLANG_WARN_CONSTANT_CONVERSION = YES;
				CLANG_WARN_DIRECT_OBJC_ISA_USAGE = YES_ERROR;
				CLANG_WARN_EMPTY_BODY = YES;
				CLANG_WARN_ENUM_CONVERSION = YES;
				CLANG_WARN_INT_CONVERSION = YES;
				CLANG_WARN_OBJC_ROOT_CLASS = YES_ERROR;
				CLANG_WARN_UNREACHABLE_CODE = YES;
				CLANG_WARN__DUPLICATE_METHOD_MATCH = YES;
				"CODE_SIGN_IDENTITY[sdk=iphoneos*]" = "iPhone Developer";
				COPY_PHASE_STRIP = NO;
				DEBUG_INFORMATION_FORMAT = dwarf;
				ENABLE_STRICT_OBJC_MSGSEND = YES;
				ENABLE_TESTABILITY = YES;
				GCC_C_LANGUAGE_STANDARD = gnu99;
				GCC_DYNAMIC_NO_PIC = NO;
				GCC_NO_COMMON_BLOCKS = YES;
				GCC_OPTIMIZATION_LEVEL = 0;
				GCC_PREPROCESSOR_DEFINITIONS = (
					"DEBUG=1",
					"$(inherited)",
				);
				GCC_WARN_64_TO_32_BIT_CONVERSION = YES;
				GCC_WARN_ABOUT_RETURN_TYPE = YES_ERROR;
				GCC_WARN_UNDECLARED_SELECTOR = YES;
				GCC_WARN_UNINITIALIZED_AUTOS = YES_AGGRESSIVE;
				GCC_WARN_UNUSED_FUNCTION = YES;
				GCC_WARN_UNUSED_VARIABLE = YES;
				IPHONEOS_DEPLOYMENT_TARGET = 9.3;
				MTL_ENABLE_DEBUG_INFO = YES;
				ONLY_ACTIVE_ARCH = YES;
				SDKROOT = iphoneos;
			};
			name = Debug;
		};
		8B3AD39F1D655E73000F6CC0 /* Release */ = {
			isa = XCBuildConfiguration;
			buildSettings = {
				ALWAYS_SEARCH_USER_PATHS = NO;
				CLANG_ANALYZER_NONNULL = YES;
				CLANG_CXX_LANGUAGE_STANDARD = "gnu++0x";
				CLANG_CXX_LIBRARY = "libc++";
				CLANG_ENABLE_MODULES = YES;
				CLANG_ENABLE_OBJC_ARC = YES;
				CLANG_WARN_BOOL_CONVERSION = YES;
				CLANG_WARN_CONSTANT_CONVERSION = YES;
				CLANG_WARN_DIRECT_OBJC_ISA_USAGE = YES_ERROR;
				CLANG_WARN_EMPTY_BODY = YES;
				CLANG_WARN_ENUM_CONVERSION = YES;
				CLANG_WARN_INT_CONVERSION = YES;
				CLANG_WARN_OBJC_ROOT_CLASS = YES_ERROR;
				CLANG_WARN_UNREACHABLE_CODE = YES;
				CLANG_WARN__DUPLICATE_METHOD_MATCH = YES;
				"CODE_SIGN_IDENTITY[sdk=iphoneos*]" = "iPhone Developer";
				COPY_PHASE_STRIP = NO;
				DEBUG_INFORMATION_FORMAT = "dwarf-with-dsym";
				ENABLE_NS_ASSERTIONS = NO;
				ENABLE_STRICT_OBJC_MSGSEND = YES;
				GCC_C_LANGUAGE_STANDARD = gnu99;
				GCC_NO_COMMON_BLOCKS = YES;
				GCC_WARN_64_TO_32_BIT_CONVERSION = YES;
				GCC_WARN_ABOUT_RETURN_TYPE = YES_ERROR;
				GCC_WARN_UNDECLARED_SELECTOR = YES;
				GCC_WARN_UNINITIALIZED_AUTOS = YES_AGGRESSIVE;
				GCC_WARN_UNUSED_FUNCTION = YES;
				GCC_WARN_UNUSED_VARIABLE = YES;
				IPHONEOS_DEPLOYMENT_TARGET = 9.3;
				MTL_ENABLE_DEBUG_INFO = NO;
				SDKROOT = iphoneos;
				VALIDATE_PRODUCT = YES;
			};
			name = Release;
		};
		8B3AD3A11D655E73000F6CC0 /* Debug */ = {
			isa = XCBuildConfiguration;
			baseConfigurationReference = 1B15619394A1315ED3498F40 /* Pods-QueryMovie.debug.xcconfig */;
			buildSettings = {
				ASSETCATALOG_COMPILER_APPICON_NAME = AppIcon;
				INFOPLIST_FILE = QueryMovie/Info.plist;
				LD_RUNPATH_SEARCH_PATHS = "$(inherited) @executable_path/Frameworks";
				PRODUCT_BUNDLE_IDENTIFIER = com.QueryMovie;
				PRODUCT_NAME = "$(TARGET_NAME)";
			};
			name = Debug;
		};
		8B3AD3A21D655E73000F6CC0 /* Release */ = {
			isa = XCBuildConfiguration;
			baseConfigurationReference = 45090477A0A67C70F16162A8 /* Pods-QueryMovie.release.xcconfig */;
			buildSettings = {
				ASSETCATALOG_COMPILER_APPICON_NAME = AppIcon;
				INFOPLIST_FILE = QueryMovie/Info.plist;
				LD_RUNPATH_SEARCH_PATHS = "$(inherited) @executable_path/Frameworks";
				PRODUCT_BUNDLE_IDENTIFIER = com.QueryMovie;
				PRODUCT_NAME = "$(TARGET_NAME)";
			};
			name = Release;
		};
		8B3AD3A41D655E73000F6CC0 /* Debug */ = {
			isa = XCBuildConfiguration;
			baseConfigurationReference = D53342BA936D6748C23963C0 /* Pods-QueryMovieTests.debug.xcconfig */;
			buildSettings = {
				BUNDLE_LOADER = "$(TEST_HOST)";
				INFOPLIST_FILE = QueryMovieTests/Info.plist;
				LD_RUNPATH_SEARCH_PATHS = "$(inherited) @executable_path/Frameworks @loader_path/Frameworks";
				PRODUCT_BUNDLE_IDENTIFIER = com.QueryMovieTests;
				PRODUCT_NAME = "$(TARGET_NAME)";
				TEST_HOST = "$(BUILT_PRODUCTS_DIR)/QueryMovie.app/QueryMovie";
			};
			name = Debug;
		};
		8B3AD3A51D655E73000F6CC0 /* Release */ = {
			isa = XCBuildConfiguration;
			baseConfigurationReference = 98DAE080D142DA2A8DF1EE0C /* Pods-QueryMovieTests.release.xcconfig */;
			buildSettings = {
				BUNDLE_LOADER = "$(TEST_HOST)";
				INFOPLIST_FILE = QueryMovieTests/Info.plist;
				LD_RUNPATH_SEARCH_PATHS = "$(inherited) @executable_path/Frameworks @loader_path/Frameworks";
				PRODUCT_BUNDLE_IDENTIFIER = com.QueryMovieTests;
				PRODUCT_NAME = "$(TARGET_NAME)";
				TEST_HOST = "$(BUILT_PRODUCTS_DIR)/QueryMovie.app/QueryMovie";
			};
			name = Release;
		};
		8B3AD3A71D655E73000F6CC0 /* Debug */ = {
			isa = XCBuildConfiguration;
			baseConfigurationReference = 7FF0A9C5645B17FE5E0CE242 /* Pods-QueryMovieUITests.debug.xcconfig */;
			buildSettings = {
				INFOPLIST_FILE = QueryMovieUITests/Info.plist;
				LD_RUNPATH_SEARCH_PATHS = "$(inherited) @executable_path/Frameworks @loader_path/Frameworks";
				PRODUCT_BUNDLE_IDENTIFIER = com.QueryMovieUITests;
				PRODUCT_NAME = "$(TARGET_NAME)";
				TEST_TARGET_NAME = QueryMovie;
			};
			name = Debug;
		};
		8B3AD3A81D655E73000F6CC0 /* Release */ = {
			isa = XCBuildConfiguration;
			baseConfigurationReference = 7802728C5DB5E75DA89FA7E6 /* Pods-QueryMovieUITests.release.xcconfig */;
			buildSettings = {
				INFOPLIST_FILE = QueryMovieUITests/Info.plist;
				LD_RUNPATH_SEARCH_PATHS = "$(inherited) @executable_path/Frameworks @loader_path/Frameworks";
				PRODUCT_BUNDLE_IDENTIFIER = com.QueryMovieUITests;
				PRODUCT_NAME = "$(TARGET_NAME)";
				TEST_TARGET_NAME = QueryMovie;
			};
			name = Release;
		};
/* End XCBuildConfiguration section */

/* Begin XCConfigurationList section */
		8B3AD36E1D655E72000F6CC0 /* Build configuration list for PBXProject "QueryMovie" */ = {
			isa = XCConfigurationList;
			buildConfigurations = (
				8B3AD39E1D655E73000F6CC0 /* Debug */,
				8B3AD39F1D655E73000F6CC0 /* Release */,
			);
			defaultConfigurationIsVisible = 0;
			defaultConfigurationName = Release;
		};
		8B3AD3A01D655E73000F6CC0 /* Build configuration list for PBXNativeTarget "QueryMovie" */ = {
			isa = XCConfigurationList;
			buildConfigurations = (
				8B3AD3A11D655E73000F6CC0 /* Debug */,
				8B3AD3A21D655E73000F6CC0 /* Release */,
			);
			defaultConfigurationIsVisible = 0;
			defaultConfigurationName = Release;
		};
		8B3AD3A31D655E73000F6CC0 /* Build configuration list for PBXNativeTarget "QueryMovieTests" */ = {
			isa = XCConfigurationList;
			buildConfigurations = (
				8B3AD3A41D655E73000F6CC0 /* Debug */,
				8B3AD3A51D655E73000F6CC0 /* Release */,
			);
			defaultConfigurationIsVisible = 0;
			defaultConfigurationName = Release;
		};
		8B3AD3A61D655E73000F6CC0 /* Build configuration list for PBXNativeTarget "QueryMovieUITests" */ = {
			isa = XCConfigurationList;
			buildConfigurations = (
				8B3AD3A71D655E73000F6CC0 /* Debug */,
				8B3AD3A81D655E73000F6CC0 /* Release */,
			);
			defaultConfigurationIsVisible = 0;
			defaultConfigurationName = Release;
		};
/* End XCConfigurationList section */
	};
	rootObject = 8B3AD36B1D655E72000F6CC0 /* Project object */;
}
